<?xml version="1.0" encoding="utf-8"?>
<Project ToolsVersion="4.0" xmlns="http://schemas.microsoft.com/developer/msbuild/2003">
  <ItemGroup>
    <Filter Include="Source Files">
      <UniqueIdentifier>{4FC737F1-C7A5-4376-A066-2A32D752A2FF}</UniqueIdentifier>
      <Extensions>cpp;c;cc;cxx;c++;cppm;ixx;def;odl;idl;hpj;bat;asm;asmx</Extensions>
    </Filter>
    <Filter Include="Header Files">
      <UniqueIdentifier>{93995380-89BD-4b04-88EB-625FBE52EBFB}</UniqueIdentifier>
      <Extensions>h;hh;hpp;hxx;h++;hm;inl;inc;ipp;xsd</Extensions>
    </Filter>
    <Filter Include="Resource Files">
      <UniqueIdentifier>{67DA6AB6-F800-4c08-8B7A-83BB121AAD01}</UniqueIdentifier>
      <Extensions>rc;ico;cur;bmp;dlg;rc2;rct;bin;rgs;gif;jpg;jpeg;jpe;resx;tiff;tif;png;wav;mfcribbon-ms</Extensions>
    </Filter>
  </ItemGroup>
  <ItemGroup>
    <ClCompile Include="includes\imgui\backends\imgui_impl_dx11.cpp">
      <Filter>Source Files</Filter>
    </ClCompile>
    <ClCompile Include="includes\imgui\backends\imgui_impl_win32.cpp">
      <Filter>Source Files</Filter>
    </ClCompile>
    <ClCompile Include="includes\imgui\misc\freetype\imgui_freetype.cpp">
      <Filter>Source Files</Filter>
    </ClCompile>
    <ClCompile Include="includes\imgui\imgui.cpp">
      <Filter>Source Files</Filter>
    </ClCompile>
    <ClCompile Include="includes\imgui\imgui_demo.cpp">
      <Filter>Source Files</Filter>
    </ClCompile>
    <ClCompile Include="includes\imgui\imgui_draw.cpp">
      <Filter>Source Files</Filter>
    </ClCompile>
    <ClCompile Include="includes\imgui\imgui_tables.cpp">
      <Filter>Source Files</Filter>
    </ClCompile>
    <ClCompile Include="includes\imgui\imgui_widgets.cpp">
      <Filter>Source Files</Filter>
    </ClCompile>
    <ClCompile Include="src\main.cpp">
      <Filter>Source Files</Filter>
    </ClCompile>
    <ClCompile Include="src\menu\menu.cpp">
      <Filter>Source Files</Filter>
    </ClCompile>
    <ClCompile Include="src\config\config.h">
      <Filter>Source Files</Filter>
    </ClCompile>
    <ClCompile Include="src\gui\gui.cpp">
      <Filter>Source Files</Filter>
    </ClCompile>
    <ClCompile Include="src\cheat\esp.cpp">
      <Filter>Source Files</Filter>
    </ClCompile>
    <ClCompile Include="src\cheat\misc.cpp">
      <Filter>Source Files</Filter>
    </ClCompile>
    <ClCompile Include="src\cheat\aim.cpp">
      <Filter>Source Files</Filter>
    </ClCompile>
  </ItemGroup>
  <ItemGroup>
    <ClInclude Include="includes\imgui\backends\imgui_impl_dx11.h">
      <Filter>Header Files</Filter>
    </ClInclude>
    <ClInclude Include="includes\imgui\backends\imgui_impl_win32.h">
      <Filter>Header Files</Filter>
    </ClInclude>
    <ClInclude Include="includes\imgui\misc\fonts\smallest_pixel.h">
      <Filter>Header Files</Filter>
    </ClInclude>
    <ClInclude Include="includes\imgui\misc\freetype\imgui_freetype.h">
      <Filter>Header Files</Filter>
    </ClInclude>
    <ClInclude Include="includes\imgui\imconfig.h">
      <Filter>Header Files</Filter>
    </ClInclude>
    <ClInclude Include="includes\imgui\imgui.h">
      <Filter>Header Files</Filter>
    </ClInclude>
    <ClInclude Include="includes\imgui\imgui_internal.h">
      <Filter>Header Files</Filter>
    </ClInclude>
    <ClInclude Include="includes\imgui\imstb_rectpack.h">
      <Filter>Header Files</Filter>
    </ClInclude>
    <ClInclude Include="includes\imgui\imstb_textedit.h">
      <Filter>Header Files</Filter>
    </ClInclude>
    <ClInclude Include="includes\imgui\imstb_truetype.h">
      <Filter>Header Files</Filter>
    </ClInclude>
    <ClInclude Include="utils\logger.h">
      <Filter>Header Files</Filter>
    </ClInclude>
    <ClInclude Include="includes\dlg\dlg.h">
      <Filter>Header Files</Filter>
    </ClInclude>
    <ClInclude Include="includes\dlg\output.h">
      <Filter>Header Files</Filter>
    </ClInclude>
    <ClInclude Include="includes\freetype\config\ftconfig.h">
      <Filter>Header Files</Filter>
    </ClInclude>
    <ClInclude Include="includes\freetype\config\ftheader.h">
      <Filter>Header Files</Filter>
    </ClInclude>
    <ClInclude Include="includes\freetype\config\ftmodule.h">
      <Filter>Header Files</Filter>
    </ClInclude>
    <ClInclude Include="includes\freetype\config\ftoption.h">
      <Filter>Header Files</Filter>
    </ClInclude>
    <ClInclude Include="includes\freetype\config\ftstdlib.h">
      <Filter>Header Files</Filter>
    </ClInclude>
    <ClInclude Include="includes\freetype\config\integer-types.h">
      <Filter>Header Files</Filter>
    </ClInclude>
    <ClInclude Include="includes\freetype\config\mac-support.h">
      <Filter>Header Files</Filter>
    </ClInclude>
    <ClInclude Include="includes\freetype\config\public-macros.h">
      <Filter>Header Files</Filter>
    </ClInclude>
    <ClInclude Include="includes\freetype\internal\services\svbdf.h">
      <Filter>Header Files</Filter>
    </ClInclude>
    <ClInclude Include="includes\freetype\internal\services\svcfftl.h">
      <Filter>Header Files</Filter>
    </ClInclude>
    <ClInclude Include="includes\freetype\internal\services\svcid.h">
      <Filter>Header Files</Filter>
    </ClInclude>
    <ClInclude Include="includes\freetype\internal\services\svfntfmt.h">
      <Filter>Header Files</Filter>
    </ClInclude>
    <ClInclude Include="includes\freetype\internal\services\svgldict.h">
      <Filter>Header Files</Filter>
    </ClInclude>
    <ClInclude Include="includes\freetype\internal\services\svgxval.h">
      <Filter>Header Files</Filter>
    </ClInclude>
    <ClInclude Include="includes\freetype\internal\services\svkern.h">
      <Filter>Header Files</Filter>
    </ClInclude>
    <ClInclude Include="includes\freetype\internal\services\svmetric.h">
      <Filter>Header Files</Filter>
    </ClInclude>
    <ClInclude Include="includes\freetype\internal\services\svmm.h">
      <Filter>Header Files</Filter>
    </ClInclude>
    <ClInclude Include="includes\freetype\internal\services\svotval.h">
      <Filter>Header Files</Filter>
    </ClInclude>
    <ClInclude Include="includes\freetype\internal\services\svpfr.h">
      <Filter>Header Files</Filter>
    </ClInclude>
    <ClInclude Include="includes\freetype\internal\services\svpostnm.h">
      <Filter>Header Files</Filter>
    </ClInclude>
    <ClInclude Include="includes\freetype\internal\services\svprop.h">
      <Filter>Header Files</Filter>
    </ClInclude>
    <ClInclude Include="includes\freetype\internal\services\svpscmap.h">
      <Filter>Header Files</Filter>
    </ClInclude>
    <ClInclude Include="includes\freetype\internal\services\svpsinfo.h">
      <Filter>Header Files</Filter>
    </ClInclude>
    <ClInclude Include="includes\freetype\internal\services\svsfnt.h">
      <Filter>Header Files</Filter>
    </ClInclude>
    <ClInclude Include="includes\freetype\internal\services\svttcmap.h">
      <Filter>Header Files</Filter>
    </ClInclude>
    <ClInclude Include="includes\freetype\internal\services\svtteng.h">
      <Filter>Header Files</Filter>
    </ClInclude>
    <ClInclude Include="includes\freetype\internal\services\svttglyf.h">
      <Filter>Header Files</Filter>
    </ClInclude>
    <ClInclude Include="includes\freetype\internal\services\svwinfnt.h">
      <Filter>Header Files</Filter>
    </ClInclude>
    <ClInclude Include="includes\freetype\internal\autohint.h">
      <Filter>Header Files</Filter>
    </ClInclude>
    <ClInclude Include="includes\freetype\internal\cffotypes.h">
      <Filter>Header Files</Filter>
    </ClInclude>
    <ClInclude Include="includes\freetype\internal\cfftypes.h">
      <Filter>Header Files</Filter>
    </ClInclude>
    <ClInclude Include="includes\freetype\internal\compiler-macros.h">
      <Filter>Header Files</Filter>
    </ClInclude>
    <ClInclude Include="includes\freetype\internal\ftcalc.h">
      <Filter>Header Files</Filter>
    </ClInclude>
    <ClInclude Include="includes\freetype\internal\ftdebug.h">
      <Filter>Header Files</Filter>
    </ClInclude>
    <ClInclude Include="includes\freetype\internal\ftdrv.h">
      <Filter>Header Files</Filter>
    </ClInclude>
    <ClInclude Include="includes\freetype\internal\ftgloadr.h">
      <Filter>Header Files</Filter>
    </ClInclude>
    <ClInclude Include="includes\freetype\internal\fthash.h">
      <Filter>Header Files</Filter>
    </ClInclude>
    <ClInclude Include="includes\freetype\internal\ftmemory.h">
      <Filter>Header Files</Filter>
    </ClInclude>
    <ClInclude Include="includes\freetype\internal\ftmmtypes.h">
      <Filter>Header Files</Filter>
    </ClInclude>
    <ClInclude Include="includes\freetype\internal\ftobjs.h">
      <Filter>Header Files</Filter>
    </ClInclude>
    <ClInclude Include="includes\freetype\internal\ftpsprop.h">
      <Filter>Header Files</Filter>
    </ClInclude>
    <ClInclude Include="includes\freetype\internal\ftrfork.h">
      <Filter>Header Files</Filter>
    </ClInclude>
    <ClInclude Include="includes\freetype\internal\ftserv.h">
      <Filter>Header Files</Filter>
    </ClInclude>
    <ClInclude Include="includes\freetype\internal\ftstream.h">
      <Filter>Header Files</Filter>
    </ClInclude>
    <ClInclude Include="includes\freetype\internal\fttrace.h">
      <Filter>Header Files</Filter>
    </ClInclude>
    <ClInclude Include="includes\freetype\internal\ftvalid.h">
      <Filter>Header Files</Filter>
    </ClInclude>
    <ClInclude Include="includes\freetype\internal\psaux.h">
      <Filter>Header Files</Filter>
    </ClInclude>
    <ClInclude Include="includes\freetype\internal\pshints.h">
      <Filter>Header Files</Filter>
    </ClInclude>
    <ClInclude Include="includes\freetype\internal\sfnt.h">
      <Filter>Header Files</Filter>
    </ClInclude>
    <ClInclude Include="includes\freetype\internal\svginterface.h">
      <Filter>Header Files</Filter>
    </ClInclude>
    <ClInclude Include="includes\freetype\internal\t1types.h">
      <Filter>Header Files</Filter>
    </ClInclude>
    <ClInclude Include="includes\freetype\internal\tttypes.h">
      <Filter>Header Files</Filter>
    </ClInclude>
    <ClInclude Include="includes\freetype\internal\wofftypes.h">
      <Filter>Header Files</Filter>
    </ClInclude>
    <ClInclude Include="includes\freetype\freetype.h">
      <Filter>Header Files</Filter>
    </ClInclude>
    <ClInclude Include="includes\freetype\ftadvanc.h">
      <Filter>Header Files</Filter>
    </ClInclude>
    <ClInclude Include="includes\freetype\ftbbox.h">
      <Filter>Header Files</Filter>
    </ClInclude>
    <ClInclude Include="includes\freetype\ftbdf.h">
      <Filter>Header Files</Filter>
    </ClInclude>
    <ClInclude Include="includes\freetype\ftbitmap.h">
      <Filter>Header Files</Filter>
    </ClInclude>
    <ClInclude Include="includes\freetype\ftbzip2.h">
      <Filter>Header Files</Filter>
    </ClInclude>
    <ClInclude Include="includes\freetype\ftcache.h">
      <Filter>Header Files</Filter>
    </ClInclude>
    <ClInclude Include="includes\freetype\ftchapters.h">
      <Filter>Header Files</Filter>
    </ClInclude>
    <ClInclude Include="includes\freetype\ftcid.h">
      <Filter>Header Files</Filter>
    </ClInclude>
    <ClInclude Include="includes\freetype\ftcolor.h">
      <Filter>Header Files</Filter>
    </ClInclude>
    <ClInclude Include="includes\freetype\ftdriver.h">
      <Filter>Header Files</Filter>
    </ClInclude>
    <ClInclude Include="includes\freetype\fterrdef.h">
      <Filter>Header Files</Filter>
    </ClInclude>
    <ClInclude Include="includes\freetype\fterrors.h">
      <Filter>Header Files</Filter>
    </ClInclude>
    <ClInclude Include="includes\freetype\ftfntfmt.h">
      <Filter>Header Files</Filter>
    </ClInclude>
    <ClInclude Include="includes\freetype\ftgasp.h">
      <Filter>Header Files</Filter>
    </ClInclude>
    <ClInclude Include="includes\freetype\ftglyph.h">
      <Filter>Header Files</Filter>
    </ClInclude>
    <ClInclude Include="includes\freetype\ftgxval.h">
      <Filter>Header Files</Filter>
    </ClInclude>
    <ClInclude Include="includes\freetype\ftgzip.h">
      <Filter>Header Files</Filter>
    </ClInclude>
    <ClInclude Include="includes\freetype\ftimage.h">
      <Filter>Header Files</Filter>
    </ClInclude>
    <ClInclude Include="includes\freetype\ftincrem.h">
      <Filter>Header Files</Filter>
    </ClInclude>
    <ClInclude Include="includes\freetype\ftlcdfil.h">
      <Filter>Header Files</Filter>
    </ClInclude>
    <ClInclude Include="includes\freetype\ftlist.h">
      <Filter>Header Files</Filter>
    </ClInclude>
    <ClInclude Include="includes\freetype\ftlogging.h">
      <Filter>Header Files</Filter>
    </ClInclude>
    <ClInclude Include="includes\freetype\ftlzw.h">
      <Filter>Header Files</Filter>
    </ClInclude>
    <ClInclude Include="includes\freetype\ftmac.h">
      <Filter>Header Files</Filter>
    </ClInclude>
    <ClInclude Include="includes\freetype\ftmm.h">
      <Filter>Header Files</Filter>
    </ClInclude>
    <ClInclude Include="includes\freetype\ftmodapi.h">
      <Filter>Header Files</Filter>
    </ClInclude>
    <ClInclude Include="includes\freetype\ftmoderr.h">
      <Filter>Header Files</Filter>
    </ClInclude>
    <ClInclude Include="includes\freetype\ftotval.h">
      <Filter>Header Files</Filter>
    </ClInclude>
    <ClInclude Include="includes\freetype\ftoutln.h">
      <Filter>Header Files</Filter>
    </ClInclude>
    <ClInclude Include="includes\freetype\ftparams.h">
      <Filter>Header Files</Filter>
    </ClInclude>
    <ClInclude Include="includes\freetype\ftpfr.h">
      <Filter>Header Files</Filter>
    </ClInclude>
    <ClInclude Include="includes\freetype\ftrender.h">
      <Filter>Header Files</Filter>
    </ClInclude>
    <ClInclude Include="includes\freetype\ftsizes.h">
      <Filter>Header Files</Filter>
    </ClInclude>
    <ClInclude Include="includes\freetype\ftsnames.h">
      <Filter>Header Files</Filter>
    </ClInclude>
    <ClInclude Include="includes\freetype\ftstroke.h">
      <Filter>Header Files</Filter>
    </ClInclude>
    <ClInclude Include="includes\freetype\ftsynth.h">
      <Filter>Header Files</Filter>
    </ClInclude>
    <ClInclude Include="includes\freetype\ftsystem.h">
      <Filter>Header Files</Filter>
    </ClInclude>
    <ClInclude Include="includes\freetype\fttrigon.h">
      <Filter>Header Files</Filter>
    </ClInclude>
    <ClInclude Include="includes\freetype\fttypes.h">
      <Filter>Header Files</Filter>
    </ClInclude>
    <ClInclude Include="includes\freetype\ftwinfnt.h">
      <Filter>Header Files</Filter>
    </ClInclude>
    <ClInclude Include="includes\freetype\otsvg.h">
      <Filter>Header Files</Filter>
    </ClInclude>
    <ClInclude Include="includes\freetype\t1tables.h">
      <Filter>Header Files</Filter>
    </ClInclude>
    <ClInclude Include="includes\freetype\ttnameid.h">
      <Filter>Header Files</Filter>
    </ClInclude>
    <ClInclude Include="includes\freetype\tttables.h">
      <Filter>Header Files</Filter>
    </ClInclude>
    <ClInclude Include="includes\freetype\tttags.h">
      <Filter>Header Files</Filter>
    </ClInclude>
    <ClInclude Include="includes\ft2build.h">
      <Filter>Header Files</Filter>
    </ClInclude>
    <ClInclude Include="includes\imgui\misc\fonts\FontAwesome6.h">
      <Filter>Header Files</Filter>
    </ClInclude>
    <ClInclude Include="includes\imgui\misc\fonts\fa_solid_900.h">
      <Filter>Header Files</Filter>
    </ClInclude>
    <ClInclude Include="includes\imgui\ImGuiNotify.h">
      <Filter>Header Files</Filter>
    </ClInclude>
    <ClInclude Include="includes\imgui\misc\fonts\byteguardian.h">
      <Filter>Header Files</Filter>
    </ClInclude>
    <ClInclude Include="src\menu\menu.h">
      <Filter>Header Files</Filter>
    </ClInclude>
    <ClInclude Include="include.h">
      <Filter>Header Files</Filter>
    </ClInclude>
    <ClInclude Include="includes\yas\detail\config\compiler\clang.hpp">
      <Filter>Header Files</Filter>
    </ClInclude>
    <ClInclude Include="includes\yas\detail\config\compiler\gcc.hpp">
      <Filter>Header Files</Filter>
    </ClInclude>
    <ClInclude Include="includes\yas\detail\config\compiler\intel.hpp">
      <Filter>Header Files</Filter>
    </ClInclude>
    <ClInclude Include="includes\yas\detail\config\compiler\msvc.hpp">
      <Filter>Header Files</Filter>
    </ClInclude>
    <ClInclude Include="includes\yas\detail\config\config.hpp">
      <Filter>Header Files</Filter>
    </ClInclude>
    <ClInclude Include="includes\yas\detail\config\endian.hpp">
      <Filter>Header Files</Filter>
    </ClInclude>
    <ClInclude Include="includes\yas\detail\io\binary_streams.hpp">
      <Filter>Header Files</Filter>
    </ClInclude>
    <ClInclude Include="includes\yas\detail\io\endian_conv.hpp">
      <Filter>Header Files</Filter>
    </ClInclude>
    <ClInclude Include="includes\yas\detail\io\exception_base.hpp">
      <Filter>Header Files</Filter>
    </ClInclude>
    <ClInclude Include="includes\yas\detail\io\header.hpp">
      <Filter>Header Files</Filter>
    </ClInclude>
    <ClInclude Include="includes\yas\detail\io\io_exceptions.hpp">
      <Filter>Header Files</Filter>
    </ClInclude>
    <ClInclude Include="includes\yas\detail\io\json_streams.hpp">
      <Filter>Header Files</Filter>
    </ClInclude>
    <ClInclude Include="includes\yas\detail\io\serialization_exceptions.hpp">
      <Filter>Header Files</Filter>
    </ClInclude>
    <ClInclude Include="includes\yas\detail\io\text_streams.hpp">
      <Filter>Header Files</Filter>
    </ClInclude>
    <ClInclude Include="includes\yas\detail\preprocessor\auto_rec.hpp">
      <Filter>Header Files</Filter>
    </ClInclude>
    <ClInclude Include="includes\yas\detail\preprocessor\bitand.hpp">
      <Filter>Header Files</Filter>
    </ClInclude>
    <ClInclude Include="includes\yas\detail\preprocessor\bool.hpp">
      <Filter>Header Files</Filter>
    </ClInclude>
    <ClInclude Include="includes\yas\detail\preprocessor\cat.hpp">
      <Filter>Header Files</Filter>
    </ClInclude>
    <ClInclude Include="includes\yas\detail\preprocessor\comma.hpp">
      <Filter>Header Files</Filter>
    </ClInclude>
    <ClInclude Include="includes\yas\detail\preprocessor\comma_if.hpp">
      <Filter>Header Files</Filter>
    </ClInclude>
    <ClInclude Include="includes\yas\detail\preprocessor\compl.hpp">
      <Filter>Header Files</Filter>
    </ClInclude>
    <ClInclude Include="includes\yas\detail\preprocessor\config.hpp">
      <Filter>Header Files</Filter>
    </ClInclude>
    <ClInclude Include="includes\yas\detail\preprocessor\dec.hpp">
      <Filter>Header Files</Filter>
    </ClInclude>
    <ClInclude Include="includes\yas\detail\preprocessor\empty.hpp">
      <Filter>Header Files</Filter>
    </ClInclude>
    <ClInclude Include="includes\yas\detail\preprocessor\enum_params.hpp">
      <Filter>Header Files</Filter>
    </ClInclude>
    <ClInclude Include="includes\yas\detail\preprocessor\equal.hpp">
      <Filter>Header Files</Filter>
    </ClInclude>
    <ClInclude Include="includes\yas\detail\preprocessor\error.hpp">
      <Filter>Header Files</Filter>
    </ClInclude>
    <ClInclude Include="includes\yas\detail\preprocessor\expr_if.hpp">
      <Filter>Header Files</Filter>
    </ClInclude>
    <ClInclude Include="includes\yas\detail\preprocessor\expr_iif.hpp">
      <Filter>Header Files</Filter>
    </ClInclude>
    <ClInclude Include="includes\yas\detail\preprocessor\if.hpp">
      <Filter>Header Files</Filter>
    </ClInclude>
    <ClInclude Include="includes\yas\detail\preprocessor\iif.hpp">
      <Filter>Header Files</Filter>
    </ClInclude>
    <ClInclude Include="includes\yas\detail\preprocessor\inc.hpp">
      <Filter>Header Files</Filter>
    </ClInclude>
    <ClInclude Include="includes\yas\detail\preprocessor\not_equal.hpp">
      <Filter>Header Files</Filter>
    </ClInclude>
    <ClInclude Include="includes\yas\detail\preprocessor\overload.hpp">
      <Filter>Header Files</Filter>
    </ClInclude>
    <ClInclude Include="includes\yas\detail\preprocessor\preprocessor.hpp">
      <Filter>Header Files</Filter>
    </ClInclude>
    <ClInclude Include="includes\yas\detail\preprocessor\rep_for.hpp">
      <Filter>Header Files</Filter>
    </ClInclude>
    <ClInclude Include="includes\yas\detail\preprocessor\rep_for_impl.hpp">
      <Filter>Header Files</Filter>
    </ClInclude>
    <ClInclude Include="includes\yas\detail\preprocessor\rep_for_impl_dmc.hpp">
      <Filter>Header Files</Filter>
    </ClInclude>
    <ClInclude Include="includes\yas\detail\preprocessor\rep_for_impl_edg.hpp">
      <Filter>Header Files</Filter>
    </ClInclude>
    <ClInclude Include="includes\yas\detail\preprocessor\rep_for_impl_msvc.hpp">
      <Filter>Header Files</Filter>
    </ClInclude>
    <ClInclude Include="includes\yas\detail\preprocessor\repeat.hpp">
      <Filter>Header Files</Filter>
    </ClInclude>
    <ClInclude Include="includes\yas\detail\preprocessor\seq_elem.hpp">
      <Filter>Header Files</Filter>
    </ClInclude>
    <ClInclude Include="includes\yas\detail\preprocessor\seq_for_each.hpp">
      <Filter>Header Files</Filter>
    </ClInclude>
    <ClInclude Include="includes\yas\detail\preprocessor\seq_for_each_i.hpp">
      <Filter>Header Files</Filter>
    </ClInclude>
    <ClInclude Include="includes\yas\detail\preprocessor\seq_seq.hpp">
      <Filter>Header Files</Filter>
    </ClInclude>
    <ClInclude Include="includes\yas\detail\preprocessor\seq_size.hpp">
      <Filter>Header Files</Filter>
    </ClInclude>
    <ClInclude Include="includes\yas\detail\preprocessor\stringize.hpp">
      <Filter>Header Files</Filter>
    </ClInclude>
    <ClInclude Include="includes\yas\detail\preprocessor\tuple_eat.hpp">
      <Filter>Header Files</Filter>
    </ClInclude>
    <ClInclude Include="includes\yas\detail\preprocessor\tuple_elem.hpp">
      <Filter>Header Files</Filter>
    </ClInclude>
    <ClInclude Include="includes\yas\detail\preprocessor\tuple_rem.hpp">
      <Filter>Header Files</Filter>
    </ClInclude>
    <ClInclude Include="includes\yas\detail\preprocessor\tuple_size.hpp">
      <Filter>Header Files</Filter>
    </ClInclude>
    <ClInclude Include="includes\yas\detail\preprocessor\tuple_to_seq.hpp">
      <Filter>Header Files</Filter>
    </ClInclude>
    <ClInclude Include="includes\yas\detail\preprocessor\variadic_elem.hpp">
      <Filter>Header Files</Filter>
    </ClInclude>
    <ClInclude Include="includes\yas\detail\preprocessor\variadic_size.hpp">
      <Filter>Header Files</Filter>
    </ClInclude>
    <ClInclude Include="includes\yas\detail\tools\base_object.hpp">
      <Filter>Header Files</Filter>
    </ClInclude>
    <ClInclude Include="includes\yas\detail\tools\base64.hpp">
      <Filter>Header Files</Filter>
    </ClInclude>
    <ClInclude Include="includes\yas\detail\tools\cast.hpp">
      <Filter>Header Files</Filter>
    </ClInclude>
    <ClInclude Include="includes\yas\detail\tools\ctmap.hpp">
      <Filter>Header Files</Filter>
    </ClInclude>
    <ClInclude Include="includes\yas\detail\tools\ctsort.hpp">
      <Filter>Header Files</Filter>
    </ClInclude>
    <ClInclude Include="includes\yas\detail\tools\fnv1a.hpp">
      <Filter>Header Files</Filter>
    </ClInclude>
    <ClInclude Include="includes\yas\detail\tools\json_tools.hpp">
      <Filter>Header Files</Filter>
    </ClInclude>
    <ClInclude Include="includes\yas\detail\tools\limit.hpp">
      <Filter>Header Files</Filter>
    </ClInclude>
    <ClInclude Include="includes\yas\detail\tools\limit_exceptions.hpp">
      <Filter>Header Files</Filter>
    </ClInclude>
    <ClInclude Include="includes\yas\detail\tools\noncopyable.hpp">
      <Filter>Header Files</Filter>
    </ClInclude>
    <ClInclude Include="includes\yas\detail\tools\rapidjson_dtoa.hpp">
      <Filter>Header Files</Filter>
    </ClInclude>
    <ClInclude Include="includes\yas\detail\tools\save_load_string.hpp">
      <Filter>Header Files</Filter>
    </ClInclude>
    <ClInclude Include="includes\yas\detail\tools\tuple_element_name.hpp">
      <Filter>Header Files</Filter>
    </ClInclude>
    <ClInclude Include="includes\yas\detail\tools\tuple_element_switch.hpp">
      <Filter>Header Files</Filter>
    </ClInclude>
    <ClInclude Include="includes\yas\detail\tools\utf8conv.hpp">
      <Filter>Header Files</Filter>
    </ClInclude>
    <ClInclude Include="includes\yas\detail\type_traits\flags.hpp">
      <Filter>Header Files</Filter>
    </ClInclude>
    <ClInclude Include="includes\yas\detail\type_traits\has_function_serialize.hpp">
      <Filter>Header Files</Filter>
    </ClInclude>
    <ClInclude Include="includes\yas\detail\type_traits\has_memfn_serialize.hpp">
      <Filter>Header Files</Filter>
    </ClInclude>
    <ClInclude Include="includes\yas\detail\type_traits\serializer.hpp">
      <Filter>Header Files</Filter>
    </ClInclude>
    <ClInclude Include="includes\yas\detail\type_traits\type_traits.hpp">
      <Filter>Header Files</Filter>
    </ClInclude>
    <ClInclude Include="includes\yas\detail\type_traits\typeinfo.hpp">
      <Filter>Header Files</Filter>
    </ClInclude>
    <ClInclude Include="includes\yas\tools\archinfo.hpp">
      <Filter>Header Files</Filter>
    </ClInclude>
    <ClInclude Include="includes\yas\tools\array.hpp">
      <Filter>Header Files</Filter>
    </ClInclude>
    <ClInclude Include="includes\yas\tools\asis.hpp">
      <Filter>Header Files</Filter>
    </ClInclude>
    <ClInclude Include="includes\yas\tools\hexdump.hpp">
      <Filter>Header Files</Filter>
    </ClInclude>
    <ClInclude Include="includes\yas\tools\init.hpp">
      <Filter>Header Files</Filter>
    </ClInclude>
    <ClInclude Include="includes\yas\types\abseil\btree_map.hpp">
      <Filter>Header Files</Filter>
    </ClInclude>
    <ClInclude Include="includes\yas\types\abseil\flat_hash_map.hpp">
      <Filter>Header Files</Filter>
    </ClInclude>
    <ClInclude Include="includes\yas\types\boost\array.hpp">
      <Filter>Header Files</Filter>
    </ClInclude>
    <ClInclude Include="includes\yas\types\boost\chrono.hpp">
      <Filter>Header Files</Filter>
    </ClInclude>
    <ClInclude Include="includes\yas\types\boost\container_deque.hpp">
      <Filter>Header Files</Filter>
    </ClInclude>
    <ClInclude Include="includes\yas\types\boost\container_flat_map.hpp">
      <Filter>Header Files</Filter>
    </ClInclude>
    <ClInclude Include="includes\yas\types\boost\container_flat_multimap.hpp">
      <Filter>Header Files</Filter>
    </ClInclude>
    <ClInclude Include="includes\yas\types\boost\container_flat_multiset.hpp">
      <Filter>Header Files</Filter>
    </ClInclude>
    <ClInclude Include="includes\yas\types\boost\container_flat_set.hpp">
      <Filter>Header Files</Filter>
    </ClInclude>
    <ClInclude Include="includes\yas\types\boost\container_list.hpp">
      <Filter>Header Files</Filter>
    </ClInclude>
    <ClInclude Include="includes\yas\types\boost\container_map.hpp">
      <Filter>Header Files</Filter>
    </ClInclude>
    <ClInclude Include="includes\yas\types\boost\container_multimap.hpp">
      <Filter>Header Files</Filter>
    </ClInclude>
    <ClInclude Include="includes\yas\types\boost\container_multiset.hpp">
      <Filter>Header Files</Filter>
    </ClInclude>
    <ClInclude Include="includes\yas\types\boost\container_set.hpp">
      <Filter>Header Files</Filter>
    </ClInclude>
    <ClInclude Include="includes\yas\types\boost\container_slist.hpp">
      <Filter>Header Files</Filter>
    </ClInclude>
    <ClInclude Include="includes\yas\types\boost\container_stable_vector.hpp">
      <Filter>Header Files</Filter>
    </ClInclude>
    <ClInclude Include="includes\yas\types\boost\container_static_vector.hpp">
      <Filter>Header Files</Filter>
    </ClInclude>
    <ClInclude Include="includes\yas\types\boost\container_string.hpp">
      <Filter>Header Files</Filter>
    </ClInclude>
    <ClInclude Include="includes\yas\types\boost\container_vector.hpp">
      <Filter>Header Files</Filter>
    </ClInclude>
    <ClInclude Include="includes\yas\types\boost\container_wstring.hpp">
      <Filter>Header Files</Filter>
    </ClInclude>
    <ClInclude Include="includes\yas\types\boost\fusion_list.hpp">
      <Filter>Header Files</Filter>
    </ClInclude>
    <ClInclude Include="includes\yas\types\boost\fusion_map.hpp">
      <Filter>Header Files</Filter>
    </ClInclude>
    <ClInclude Include="includes\yas\types\boost\fusion_pair.hpp">
      <Filter>Header Files</Filter>
    </ClInclude>
    <ClInclude Include="includes\yas\types\boost\fusion_set.hpp">
      <Filter>Header Files</Filter>
    </ClInclude>
    <ClInclude Include="includes\yas\types\boost\fusion_tuple.hpp">
      <Filter>Header Files</Filter>
    </ClInclude>
    <ClInclude Include="includes\yas\types\boost\fusion_vector.hpp">
      <Filter>Header Files</Filter>
    </ClInclude>
    <ClInclude Include="includes\yas\types\boost\optional.hpp">
      <Filter>Header Files</Filter>
    </ClInclude>
    <ClInclude Include="includes\yas\types\boost\string_view.hpp">
      <Filter>Header Files</Filter>
    </ClInclude>
    <ClInclude Include="includes\yas\types\boost\tuple.hpp">
      <Filter>Header Files</Filter>
    </ClInclude>
    <ClInclude Include="includes\yas\types\boost\unordered_map.hpp">
      <Filter>Header Files</Filter>
    </ClInclude>
    <ClInclude Include="includes\yas\types\boost\unordered_multimap.hpp">
      <Filter>Header Files</Filter>
    </ClInclude>
    <ClInclude Include="includes\yas\types\boost\unordered_multiset.hpp">
      <Filter>Header Files</Filter>
    </ClInclude>
    <ClInclude Include="includes\yas\types\boost\unordered_set.hpp">
      <Filter>Header Files</Filter>
    </ClInclude>
    <ClInclude Include="includes\yas\types\boost\variant.hpp">
      <Filter>Header Files</Filter>
    </ClInclude>
    <ClInclude Include="includes\yas\types\concepts\array.hpp">
      <Filter>Header Files</Filter>
    </ClInclude>
    <ClInclude Include="includes\yas\types\concepts\const_sized_array.hpp">
      <Filter>Header Files</Filter>
    </ClInclude>
    <ClInclude Include="includes\yas\types\concepts\forward_list.hpp">
      <Filter>Header Files</Filter>
    </ClInclude>
    <ClInclude Include="includes\yas\types\concepts\fusion_seq.hpp">
      <Filter>Header Files</Filter>
    </ClInclude>
    <ClInclude Include="includes\yas\types\concepts\keyval.hpp">
      <Filter>Header Files</Filter>
    </ClInclude>
    <ClInclude Include="includes\yas\types\concepts\list.hpp">
      <Filter>Header Files</Filter>
    </ClInclude>
    <ClInclude Include="includes\yas\types\concepts\optional.hpp">
      <Filter>Header Files</Filter>
    </ClInclude>
    <ClInclude Include="includes\yas\types\concepts\set.hpp">
      <Filter>Header Files</Filter>
    </ClInclude>
    <ClInclude Include="includes\yas\types\qt\qbytearray.hpp">
      <Filter>Header Files</Filter>
    </ClInclude>
    <ClInclude Include="includes\yas\types\qt\qlist.hpp">
      <Filter>Header Files</Filter>
    </ClInclude>
    <ClInclude Include="includes\yas\types\qt\qmap.hpp">
      <Filter>Header Files</Filter>
    </ClInclude>
    <ClInclude Include="includes\yas\types\qt\qstring.hpp">
      <Filter>Header Files</Filter>
    </ClInclude>
    <ClInclude Include="includes\yas\types\qt\qstringlist.hpp">
      <Filter>Header Files</Filter>
    </ClInclude>
    <ClInclude Include="includes\yas\types\qt\qvector.hpp">
      <Filter>Header Files</Filter>
    </ClInclude>
    <ClInclude Include="includes\yas\types\std\array.hpp">
      <Filter>Header Files</Filter>
    </ClInclude>
    <ClInclude Include="includes\yas\types\std\bitset.hpp">
      <Filter>Header Files</Filter>
    </ClInclude>
    <ClInclude Include="includes\yas\types\std\chrono.hpp">
      <Filter>Header Files</Filter>
    </ClInclude>
    <ClInclude Include="includes\yas\types\std\complex.hpp">
      <Filter>Header Files</Filter>
    </ClInclude>
    <ClInclude Include="includes\yas\types\std\deque.hpp">
      <Filter>Header Files</Filter>
    </ClInclude>
    <ClInclude Include="includes\yas\types\std\forward_list.hpp">
      <Filter>Header Files</Filter>
    </ClInclude>
    <ClInclude Include="includes\yas\types\std\list.hpp">
      <Filter>Header Files</Filter>
    </ClInclude>
    <ClInclude Include="includes\yas\types\std\map.hpp">
      <Filter>Header Files</Filter>
    </ClInclude>
    <ClInclude Include="includes\yas\types\std\multimap.hpp">
      <Filter>Header Files</Filter>
    </ClInclude>
    <ClInclude Include="includes\yas\types\std\multiset.hpp">
      <Filter>Header Files</Filter>
    </ClInclude>
    <ClInclude Include="includes\yas\types\std\optional.hpp">
      <Filter>Header Files</Filter>
    </ClInclude>
    <ClInclude Include="includes\yas\types\std\pair.hpp">
      <Filter>Header Files</Filter>
    </ClInclude>
    <ClInclude Include="includes\yas\types\std\set.hpp">
      <Filter>Header Files</Filter>
    </ClInclude>
    <ClInclude Include="includes\yas\types\std\string.hpp">
      <Filter>Header Files</Filter>
    </ClInclude>
    <ClInclude Include="includes\yas\types\std\string_view.hpp">
      <Filter>Header Files</Filter>
    </ClInclude>
    <ClInclude Include="includes\yas\types\std\tuple.hpp">
      <Filter>Header Files</Filter>
    </ClInclude>
    <ClInclude Include="includes\yas\types\std\u16string.hpp">
      <Filter>Header Files</Filter>
    </ClInclude>
    <ClInclude Include="includes\yas\types\std\unordered_map.hpp">
      <Filter>Header Files</Filter>
    </ClInclude>
    <ClInclude Include="includes\yas\types\std\unordered_multimap.hpp">
      <Filter>Header Files</Filter>
    </ClInclude>
    <ClInclude Include="includes\yas\types\std\unordered_multiset.hpp">
      <Filter>Header Files</Filter>
    </ClInclude>
    <ClInclude Include="includes\yas\types\std\unordered_set.hpp">
      <Filter>Header Files</Filter>
    </ClInclude>
    <ClInclude Include="includes\yas\types\std\variant.hpp">
      <Filter>Header Files</Filter>
    </ClInclude>
    <ClInclude Include="includes\yas\types\std\vector.hpp">
      <Filter>Header Files</Filter>
    </ClInclude>
    <ClInclude Include="includes\yas\types\std\wstring.hpp">
      <Filter>Header Files</Filter>
    </ClInclude>
    <ClInclude Include="includes\yas\types\utility\array.hpp">
      <Filter>Header Files</Filter>
    </ClInclude>
    <ClInclude Include="includes\yas\types\utility\asis.hpp">
      <Filter>Header Files</Filter>
    </ClInclude>
    <ClInclude Include="includes\yas\types\utility\autoarray.hpp">
      <Filter>Header Files</Filter>
    </ClInclude>
    <ClInclude Include="includes\yas\types\utility\buffer.hpp">
      <Filter>Header Files</Filter>
    </ClInclude>
    <ClInclude Include="includes\yas\types\utility\enum.hpp">
      <Filter>Header Files</Filter>
    </ClInclude>
    <ClInclude Include="includes\yas\types\utility\fundamental.hpp">
      <Filter>Header Files</Filter>
    </ClInclude>
    <ClInclude Include="includes\yas\types\utility\init.hpp">
      <Filter>Header Files</Filter>
    </ClInclude>
    <ClInclude Include="includes\yas\types\utility\object.hpp">
      <Filter>Header Files</Filter>
    </ClInclude>
    <ClInclude Include="includes\yas\types\utility\usertype.hpp">
      <Filter>Header Files</Filter>
    </ClInclude>
    <ClInclude Include="includes\yas\types\utility\value.hpp">
      <Filter>Header Files</Filter>
    </ClInclude>
    <ClInclude Include="includes\yas\abseil_types.hpp">
      <Filter>Header Files</Filter>
    </ClInclude>
    <ClInclude Include="includes\yas\binary_iarchive.hpp">
      <Filter>Header Files</Filter>
    </ClInclude>
    <ClInclude Include="includes\yas\binary_oarchive.hpp">
      <Filter>Header Files</Filter>
    </ClInclude>
    <ClInclude Include="includes\yas\boost_types.hpp">
      <Filter>Header Files</Filter>
    </ClInclude>
    <ClInclude Include="includes\yas\buffers.hpp">
      <Filter>Header Files</Filter>
    </ClInclude>
    <ClInclude Include="includes\yas\count_streams.hpp">
      <Filter>Header Files</Filter>
    </ClInclude>
    <ClInclude Include="includes\yas\defaul_traits.hpp">
      <Filter>Header Files</Filter>
    </ClInclude>
    <ClInclude Include="includes\yas\file_streams.hpp">
      <Filter>Header Files</Filter>
    </ClInclude>
    <ClInclude Include="includes\yas\get_archive.hpp">
      <Filter>Header Files</Filter>
    </ClInclude>
    <ClInclude Include="includes\yas\json_iarchive.hpp">
      <Filter>Header Files</Filter>
    </ClInclude>
    <ClInclude Include="includes\yas\json_oarchive.hpp">
      <Filter>Header Files</Filter>
    </ClInclude>
    <ClInclude Include="includes\yas\mem_streams.hpp">
      <Filter>Header Files</Filter>
    </ClInclude>
    <ClInclude Include="includes\yas\null_streams.hpp">
      <Filter>Header Files</Filter>
    </ClInclude>
    <ClInclude Include="includes\yas\object.hpp">
      <Filter>Header Files</Filter>
    </ClInclude>
    <ClInclude Include="includes\yas\qt_types.hpp">
      <Filter>Header Files</Filter>
    </ClInclude>
    <ClInclude Include="includes\yas\serialize.hpp">
      <Filter>Header Files</Filter>
    </ClInclude>
    <ClInclude Include="includes\yas\std_streams.hpp">
      <Filter>Header Files</Filter>
    </ClInclude>
    <ClInclude Include="includes\yas\std_traits.hpp">
      <Filter>Header Files</Filter>
    </ClInclude>
    <ClInclude Include="includes\yas\std_types.hpp">
      <Filter>Header Files</Filter>
    </ClInclude>
    <ClInclude Include="includes\yas\text_iarchive.hpp">
      <Filter>Header Files</Filter>
    </ClInclude>
    <ClInclude Include="includes\yas\text_oarchive.hpp">
      <Filter>Header Files</Filter>
    </ClInclude>
    <ClInclude Include="includes\yas\version.hpp">
      <Filter>Header Files</Filter>
    </ClInclude>
    <ClInclude Include="includes\yas\yas_fwd.hpp">
      <Filter>Header Files</Filter>
    </ClInclude>
    <ClInclude Include="src\gui\gui.h">
      <Filter>Header Files</Filter>
    </ClInclude>
    <ClInclude Include="utils\w2s.h">
      <Filter>Header Files</Filter>
    </ClInclude>
    <ClInclude Include="src\memify\handle_hijack.h">
      <Filter>Header Files</Filter>
    </ClInclude>
    <ClInclude Include="src\memify\memify.h">
      <Filter>Header Files</Filter>
    </ClInclude>
    <ClInclude Include="assets\csCharacter.h">
      <Filter>Header Files</Filter>
    </ClInclude>
    <ClInclude Include="src\cheat\EntitySystem.h">
      <Filter>Header Files</Filter>
    </ClInclude>
    <ClInclude Include="src\cheat\esp.h">
      <Filter>Header Files</Filter>
    </ClInclude>
    <ClInclude Include="src\cheat\misc.h">
      <Filter>Header Files</Filter>
    </ClInclude>
    <ClInclude Include="src\cheat\aim.h">
      <Filter>Header Files</Filter>
    </ClInclude>
    <ClInclude Include="includes\imgui\misc\fonts\nunito.h">
      <Filter>Header Files</Filter>
    </ClInclude>
    <ClInclude Include="utils\rand.h">
      <Filter>Header Files</Filter>
    </ClInclude>
  </ItemGroup>
  <ItemGroup>
    <Library Include="lib\freetype.lib" />
  </ItemGroup>
</Project>